
Microsoft Visual Studio Solution File, Format Version 12.00
# Visual Studio 15
VisualStudioVersion = 15.0.28307.168
MinimumVisualStudioVersion = 10.0.40219.1
Project("{FAE04EC0-301F-11D3-BF4B-00C04F79EFBC}") = "UpgradeOfficeFiles", "UpgradeDocs\UpgradeOfficeFiles.csproj", "{CE85AB6E-4663-4D8A-8338-A9387B70420D}"
EndProject
Global
	GlobalSection(SolutionConfigurationPlatforms) = preSolution
		Debug|Any CPU = Debug|Any CPU
		Release|Any CPU = Release|Any CPU
	EndGlobalSection
	GlobalSection(ProjectConfigurationPlatforms) = postSolution
		{CE85AB6E-4663-4D8A-8338-A9387B70420D}.Debug|Any CPU.ActiveCfg = Debug|Any CPU
		{CE85AB6E-4663-4D8A-8338-A9387B70420D}.Debug|Any CPU.Build.0 = Debug|Any CPU
		{CE85AB6E-4663-4D8A-8338-A9387B70420D}.Release|Any CPU.ActiveCfg = Release|Any CPU
		{CE85AB6E-4663-4D8A-8338-A9387B70420D}.Release|Any CPU.Build.0 = Release|Any CPU
	EndGlobalSection
	GlobalSection(SolutionProperties) = preSolution
		HideSolutionNode = FALSE
	EndGlobalSection
	GlobalSection(ExtensibilityGlobals) = postSolution
		SolutionGuid = {6AEBC4B3-A1A2-44ED-AFFF-BF38797AF624}
	EndGlobalSection
EndGlobal
